// !$*UTF8*$!
{
	archiveVersion = 1;
	classes = {
	};
	objectVersion = 46;
	objects = {

/* Begin PBXBuildFile section */
		016F9C251B9E20D400C3D6AA /* AppDelegate.swift in Sources */ = {isa = PBXBuildFile; fileRef = 016F9C241B9E20D400C3D6AA /* AppDelegate.swift */; };
		016F9C271B9E20D400C3D6AA /* ViewController.swift in Sources */ = {isa = PBXBuildFile; fileRef = 016F9C261B9E20D400C3D6AA /* ViewController.swift */; };
		016F9C2A1B9E20D400C3D6AA /* Main.storyboard in Resources */ = {isa = PBXBuildFile; fileRef = 016F9C281B9E20D400C3D6AA /* Main.storyboard */; };
		016F9C2C1B9E20D400C3D6AA /* Images.xcassets in Resources */ = {isa = PBXBuildFile; fileRef = 016F9C2B1B9E20D400C3D6AA /* Images.xcassets */; };
		016F9C2F1B9E20D400C3D6AA /* LaunchScreen.xib in Resources */ = {isa = PBXBuildFile; fileRef = 016F9C2D1B9E20D400C3D6AA /* LaunchScreen.xib */; };
		016F9C3B1B9E20D400C3D6AA /* Pitch_PerfectTests.swift in Sources */ = {isa = PBXBuildFile; fileRef = 016F9C3A1B9E20D400C3D6AA /* Pitch_PerfectTests.swift */; };
/* End PBXBuildFile section */

/* Begin PBXContainerItemProxy section */
		016F9C351B9E20D400C3D6AA /* PBXContainerItemProxy */ = {
			isa = PBXContainerItemProxy;
			containerPortal = 016F9C171B9E20D400C3D6AA /* Project object */;
			proxyType = 1;
			remoteGlobalIDString = 016F9C1E1B9E20D400C3D6AA;
			remoteInfo = "Pitch Perfect";
		};
/* End PBXContainerItemProxy section */

/* Begin PBXFileReference section */
		016F9C1F1B9E20D400C3D6AA /* Pitch Perfect.app */ = {isa = PBXFileReference; explicitFileType = wrapper.application; includeInIndex = 0; path = "Pitch Perfect.app"; sourceTree = BUILT_PRODUCTS_DIR; };
		016F9C231B9E20D400C3D6AA /* Info.plist */ = {isa = PBXFileReference; lastKnownFileType = text.plist.xml; path = Info.plist; sourceTree = "<group>"; };
		016F9C241B9E20D400C3D6AA /* AppDelegate.swift */ = {isa = PBXFileReference; lastKnownFileType = sourcecode.swift; path = AppDelegate.swift; sourceTree = "<group>"; };
		016F9C261B9E20D400C3D6AA /* ViewController.swift */ = {isa = PBXFileReference; lastKnownFileType = sourcecode.swift; path = ViewController.swift; sourceTree = "<group>"; };
		016F9C291B9E20D400C3D6AA /* Base */ = {isa = PBXFileReference; lastKnownFileType = file.storyboard; name = Base; path = Base.lproj/Main.storyboard; sourceTree = "<group>"; };
		016F9C2B1B9E20D400C3D6AA /* Images.xcassets */ = {isa = PBXFileReference; lastKnownFileType = folder.assetcatalog; path = Images.xcassets; sourceTree = "<group>"; };
		016F9C2E1B9E20D400C3D6AA /* Base */ = {isa = PBXFileReference; lastKnownFileType = file.xib; name = Base; path = Base.lproj/LaunchScreen.xib; sourceTree = "<group>"; };
		016F9C341B9E20D400C3D6AA /* Pitch PerfectTests.xctest */ = {isa = PBXFileReference; explicitFileType = wrapper.cfbundle; includeInIndex = 0; path = "Pitch PerfectTests.xctest"; sourceTree = BUILT_PRODUCTS_DIR; };
		016F9C391B9E20D400C3D6AA /* Info.plist */ = {isa = PBXFileReference; lastKnownFileType = text.plist.xml; path = Info.plist; sourceTree = "<group>"; };
		016F9C3A1B9E20D400C3D6AA /* Pitch_PerfectTests.swift */ = {isa = PBXFileReference; lastKnownFileType = sourcecode.swift; path = Pitch_PerfectTests.swift; sourceTree = "<group>"; };
/* End PBXFileReference section */

/* Begin PBXFrameworksBuildPhase section */
		016F9C1C1B9E20D400C3D6AA /* Frameworks */ = {
			isa = PBXFrameworksBuildPhase;
			buildActionMask = 2147483647;
			files = (
			);
			runOnlyForDeploymentPostprocessing = 0;
		};
		016F9C311B9E20D400C3D6AA /* Frameworks */ = {
			isa = PBXFrameworksBuildPhase;
			buildActionMask = 2147483647;
			files = (
			);
			runOnlyForDeploymentPostprocessing = 0;
		};
/* End PBXFrameworksBuildPhase section */

/* Begin PBXGroup section */
		016F9C161B9E20D400C3D6AA = {
			isa = PBXGroup;
			children = (
				016F9C211B9E20D400C3D6AA /* Pitch Perfect */,
				016F9C371B9E20D400C3D6AA /* Pitch PerfectTests */,
				016F9C201B9E20D400C3D6AA /* Products */,
			);
			sourceTree = "<group>";
		};
		016F9C201B9E20D400C3D6AA /* Products */ = {
			isa = PBXGroup;
			children = (
				016F9C1F1B9E20D400C3D6AA /* Pitch Perfect.app */,
				016F9C341B9E20D400C3D6AA /* Pitch PerfectTests.xctest */,
			);
			name = Products;
			sourceTree = "<group>";
		};
		016F9C211B9E20D400C3D6AA /* Pitch Perfect */ = {
			isa = PBXGroup;
			children = (
				016F9C241B9E20D400C3D6AA /* AppDelegate.swift */,
				016F9C261B9E20D400C3D6AA /* ViewController.swift */,
				016F9C281B9E20D400C3D6AA /* Main.storyboard */,
				016F9C2B1B9E20D400C3D6AA /* Images.xcassets */,
				016F9C2D1B9E20D400C3D6AA /* LaunchScreen.xib */,
				016F9C221B9E20D400C3D6AA /* Supporting Files */,
			);
			path = "Pitch Perfect";
			sourceTree = "<group>";
		};
		016F9C221B9E20D400C3D6AA /* Supporting Files */ = {
			isa = PBXGroup;
			children = (
				016F9C231B9E20D400C3D6AA /* Info.plist */,
			);
			name = "Supporting Files";
			sourceTree = "<group>";
		};
		016F9C371B9E20D400C3D6AA /* Pitch PerfectTests */ = {
			isa = PBXGroup;
			children = (
				016F9C3A1B9E20D400C3D6AA /* Pitch_PerfectTests.swift */,
				016F9C381B9E20D400C3D6AA /* Supporting Files */,
			);
			path = "Pitch PerfectTests";
			sourceTree = "<group>";
		};
		016F9C381B9E20D400C3D6AA /* Supporting Files */ = {
			isa = PBXGroup;
			children = (
				016F9C391B9E20D400C3D6AA /* Info.plist */,
			);
			name = "Supporting Files";
			sourceTree = "<group>";
		};
/* End PBXGroup section */

/* Begin PBXNativeTarget section */
		016F9C1E1B9E20D400C3D6AA /* Pitch Perfect */ = {
			isa = PBXNativeTarget;
			buildConfigurationList = 016F9C3E1B9E20D400C3D6AA /* Build configuration list for PBXNativeTarget "Pitch Perfect" */;
			buildPhases = (
				016F9C1B1B9E20D400C3D6AA /* Sources */,
				016F9C1C1B9E20D400C3D6AA /* Frameworks */,
				016F9C1D1B9E20D400C3D6AA /* Resources */,
			);
			buildRules = (
			);
			dependencies = (
			);
			name = "Pitch Perfect";
			productName = "Pitch Perfect";
			productReference = 016F9C1F1B9E20D400C3D6AA /* Pitch Perfect.app */;
			productType = "com.apple.product-type.application";
		};
		016F9C331B9E20D400C3D6AA /* Pitch PerfectTests */ = {
			isa = PBXNativeTarget;
			buildConfigurationList = 016F9C411B9E20D400C3D6AA /* Build configuration list for PBXNativeTarget "Pitch PerfectTests" */;
			buildPhases = (
				016F9C301B9E20D400C3D6AA /* Sources */,
				016F9C311B9E20D400C3D6AA /* Frameworks */,
				016F9C321B9E20D400C3D6AA /* Resources */,
			);
			buildRules = (
			);
			dependencies = (
				016F9C361B9E20D400C3D6AA /* PBXTargetDependency */,
			);
			name = "Pitch PerfectTests";
			productName = "Pitch PerfectTests";
			productReference = 016F9C341B9E20D400C3D6AA /* Pitch PerfectTests.xctest */;
			productType = "com.apple.product-type.bundle.unit-test";
		};
/* End PBXNativeTarget section */

/* Begin PBXProject section */
		016F9C171B9E20D400C3D6AA /* Project object */ = {
			isa = PBXProject;
			attributes = {
				LastUpgradeCheck = 0640;
				ORGANIZATIONNAME = "Kris Penney";
				TargetAttributes = {
					016F9C1E1B9E20D400C3D6AA = {
						CreatedOnToolsVersion = 6.4;
					};
					016F9C331B9E20D400C3D6AA = {
						CreatedOnToolsVersion = 6.4;
						TestTargetID = 016F9C1E1B9E20D400C3D6AA;
					};
				};
			};
			buildConfigurationList = 016F9C1A1B9E20D400C3D6AA /* Build configuration list for PBXProject "Pitch Perfect" */;
			compatibilityVersion = "Xcode 3.2";
			developmentRegion = English;
			hasScannedForEncodings = 0;
			knownRegions = (
				en,
				Base,
			);
			mainGroup = 016F9C161B9E20D400C3D6AA;
			productRefGroup = 016F9C201B9E20D400C3D6AA /* Products */;
			projectDirPath = "";
			projectRoot = "";
			targets = (
				016F9C1E1B9E20D400C3D6AA /* Pitch Perfect */,
				016F9C331B9E20D400C3D6AA /* Pitch PerfectTests */,
			);
		};
/* End PBXProject section */

/* Begin PBXResourcesBuildPhase section */
		016F9C1D1B9E20D400C3D6AA /* Resources */ = {
			isa = PBXResourcesBuildPhase;
			buildActionMask = 2147483647;
			files = (
				016F9C2A1B9E20D400C3D6AA /* Main.storyboard in Resources */,
				016F9C2F1B9E20D400C3D6AA /* LaunchScreen.xib in Resources */,
				016F9C2C1B9E20D400C3D6AA /* Images.xcassets in Resources */,
			);
			runOnlyForDeploymentPostprocessing = 0;
		};
		016F9C321B9E20D400C3D6AA /* Resources */ = {
			isa = PBXResourcesBuildPhase;
			buildActionMask = 2147483647;
			files = (
			);
			runOnlyForDeploymentPostprocessing = 0;
		};
/* End PBXResourcesBuildPhase section */

/* Begin PBXSourcesBuildPhase section */
		016F9C1B1B9E20D400C3D6AA /* Sources */ = {
			isa = PBXSourcesBuildPhase;
			buildActionMask = 2147483647;
			files = (
				016F9C271B9E20D400C3D6AA /* ViewController.swift in Sources */,
				016F9C251B9E20D400C3D6AA /* AppDelegate.swift in Sources */,
			);
			runOnlyForDeploymentPostprocessing = 0;
		};
		016F9C301B9E20D400C3D6AA /* Sources */ = {
			isa = PBXSourcesBuildPhase;
			buildActionMask = 2147483647;
			files = (
				016F9C3B1B9E20D400C3D6AA /* Pitch_PerfectTests.swift in Sources */,
			);
			runOnlyForDeploymentPostprocessing = 0;
		};
/* End PBXSourcesBuildPhase section */

/* Begin PBXTargetDependency section */
		016F9C361B9E20D400C3D6AA /* PBXTargetDependency */ = {
			isa = PBXTargetDependency;
			target = 016F9C1E1B9E20D400C3D6AA /* Pitch Perfect */;
			targetProxy = 016F9C351B9E20D400C3D6AA /* PBXContainerItemProxy */;
		};
/* End PBXTargetDependency section */

/* Begin PBXVariantGroup section */
		016F9C281B9E20D400C3D6AA /* Main.storyboard */ = {
			isa = PBXVariantGroup;
			children = (
				016F9C291B9E20D400C3D6AA /* Base */,
			);
			name = Main.storyboard;
			sourceTree = "<group>";
		};
		016F9C2D1B9E20D400C3D6AA /* LaunchScreen.xib */ = {
			isa = PBXVariantGroup;
			children = (
				016F9C2E1B9E20D400C3D6AA /* Base */,
			);
			name = LaunchScreen.xib;
			sourceTree = "<group>";
		};
/* End PBXVariantGroup section */

/* Begin XCBuildConfiguration section */
		016F9C3C1B9E20D400C3D6AA /* Debug */ = {
			isa = XCBuildConfiguration;
			buildSettings = {
				ALWAYS_SEARCH_USER_PATHS = NO;
				CLANG_CXX_LANGUAGE_STANDARD = "gnu++0x";
				CLANG_CXX_LIBRARY = "libc++";
				CLANG_ENABLE_MODULES = YES;
				CLANG_ENABLE_OBJC_ARC = YES;
				CLANG_WARN_BOOL_CONVERSION = YES;
				CLANG_WARN_CONSTANT_CONVERSION = YES;
				CLANG_WARN_DIRECT_OBJC_ISA_USAGE = YES_ERROR;
				CLANG_WARN_EMPTY_BODY = YES;
				CLANG_WARN_ENUM_CONVERSION = YES;
				CLANG_WARN_INT_CONVERSION = YES;
				CLANG_WARN_OBJC_ROOT_CLASS = YES_ERROR;
				CLANG_WARN_UNREACHABLE_CODE = YES;
				CLANG_WARN__DUPLICATE_METHOD_MATCH = YES;
				"CODE_SIGN_IDENTITY[sdk=iphoneos*]" = "iPhone Developer";
				COPY_PHASE_STRIP = NO;
				DEBUG_INFORMATION_FORMAT = "dwarf-with-dsym";
				ENABLE_STRICT_OBJC_MSGSEND = YES;
				GCC_C_LANGUAGE_STANDARD = gnu99;
				GCC_DYNAMIC_NO_PIC = NO;
				GCC_NO_COMMON_BLOCKS = YES;
				GCC_OPTIMIZATION_LEVEL = 0;
				GCC_PREPROCESSOR_DEFINITIONS = (
					"DEBUG=1",
					"$(inherited)",
				);
				GCC_SYMBOLS_PRIVATE_EXTERN = NO;
				GCC_WARN_64_TO_32_BIT_CONVERSION = YES;
				GCC_WARN_ABOUT_RETURN_TYPE = YES_ERROR;
				GCC_WARN_UNDECLARED_SELECTOR = YES;
				GCC_WARN_UNINITIALIZED_AUTOS = YES_AGGRESSIVE;
				GCC_WARN_UNUSED_FUNCTION = YES;
				GCC_WARN_UNUSED_VARIABLE = YES;
				IPHONEOS_DEPLOYMENT_TARGET = 8.4;
				MTL_ENABLE_DEBUG_INFO = YES;
				ONLY_ACTIVE_ARCH = YES;
				SDKROOT = iphoneos;
				SWIFT_OPTIMIZATION_LEVEL = "-Onone";
			};
			name = Debug;
		};
		016F9C3D1B9E20D400C3D6AA /* Release */ = {
			isa = XCBuildConfiguration;
			buildSettings = {
				ALWAYS_SEARCH_USER_PATHS = NO;
				CLANG_CXX_LANGUAGE_STANDARD = "gnu++0x";
				CLANG_CXX_LIBRARY = "libc++";
				CLANG_ENABLE_MODULES = YES;
				CLANG_ENABLE_OBJC_ARC = YES;
				CLANG_WARN_BOOL_CONVERSION = YES;
				CLANG_WARN_CONSTANT_CONVERSION = YES;
				CLANG_WARN_DIRECT_OBJC_ISA_USAGE = YES_ERROR;
				CLANG_WARN_EMPTY_BODY = YES;
				CLANG_WARN_ENUM_CONVERSION = YES;
				CLANG_WARN_INT_CONVERSION = YES;
				CLANG_WARN_OBJC_ROOT_CLASS = YES_ERROR;
				CLANG_WARN_UNREACHABLE_CODE = YES;
				CLANG_WARN__DUPLICATE_METHOD_MATCH = YES;
				"CODE_SIGN_IDENTITY[sdk=iphoneos*]" = "iPhone Developer";
				COPY_PHASE_STRIP = NO;
				DEBUG_INFORMATION_FORMAT = "dwarf-with-dsym";
				ENABLE_NS_ASSERTIONS = NO;
				ENABLE_STRICT_OBJC_MSGSEND = YES;
				GCC_C_LANGUAGE_STANDARD = gnu99;
				GCC_NO_COMMON_BLOCKS = YES;
				GCC_WARN_64_TO_32_BIT_CONVERSION = YES;
				GCC_WARN_ABOUT_RETURN_TYPE = YES_ERROR;
				GCC_WARN_UNDECLARED_SELECTOR = YES;
				GCC_WARN_UNINITIALIZED_AUTOS = YES_AGGRESSIVE;
				GCC_WARN_UNUSED_FUNCTION = YES;
				GCC_WARN_UNUSED_VARIABLE = YES;
				IPHONEOS_DEPLOYMENT_TARGET = 8.4;
				MTL_ENABLE_DEBUG_INFO = NO;
				SDKROOT = iphoneos;
				VALIDATE_PRODUCT = YES;
			};
			name = Release;
		};
		016F9C3F1B9E20D400C3D6AA /* Debug */ = {
			isa = XCBuildConfiguration;
			buildSettings = {
				ASSETCATALOG_COMPILER_APPICON_NAME = AppIcon;
				INFOPLIST_FILE = "Pitch Perfect/Info.plist";
				LD_RUNPATH_SEARCH_PATHS = "$(inherited) @executable_path/Frameworks";
				PRODUCT_NAME = "$(TARGET_NAME)";
			};
			name = Debug;
		};
		016F9C401B9E20D400C3D6AA /* Release */ = {
			isa = XCBuildConfiguration;
			buildSettings = {
				ASSETCATALOG_COMPILER_APPICON_NAME = AppIcon;
				INFOPLIST_FILE = "Pitch Perfect/Info.plist";
				LD_RUNPATH_SEARCH_PATHS = "$(inherited) @executable_path/Frameworks";
				PRODUCT_NAME = "$(TARGET_NAME)";
			};
			name = Release;
		};
		016F9C421B9E20D400C3D6AA /* Debug */ = {
			isa = XCBuildConfiguration;
			buildSettings = {
				BUNDLE_LOADER = "$(TEST_HOST)";
				FRAMEWORK_SEARCH_PATHS = (
					"$(SDKROOT)/Developer/Library/Frameworks",
					"$(inherited)",
				);
				GCC_PREPROCESSOR_DEFINITIONS = (
					"DEBUG=1",
					"$(inherited)",
				);
				INFOPLIST_FILE = "Pitch PerfectTests/Info.plist";
				LD_RUNPATH_SEARCH_PATHS = "$(inherited) @executable_path/Frameworks @loader_path/Frameworks";
				PRODUCT_NAME = "$(TARGET_NAME)";
				TEST_HOST = "$(BUILT_PRODUCTS_DIR)/Pitch Perfect.app/Pitch Perfect";
			};
			name = Debug;
		};
		016F9C431B9E20D400C3D6AA /* Release */ = {
			isa = XCBuildConfiguration;
			buildSettings = {
				BUNDLE_LOADER = "$(TEST_HOST)";
				FRAMEWORK_SEARCH_PATHS = (
					"$(SDKROOT)/Developer/Library/Frameworks",
					"$(inherited)",
				);
				INFOPLIST_FILE = "Pitch PerfectTests/Info.plist";
				LD_RUNPATH_SEARCH_PATHS = "$(inherited) @executable_path/Frameworks @loader_path/Frameworks";
				PRODUCT_NAME = "$(TARGET_NAME)";
				TEST_HOST = "$(BUILT_PRODUCTS_DIR)/Pitch Perfect.app/Pitch Perfect";
			};
			name = Release;
		};
/* End XCBuildConfiguration section */

/* Begin XCConfigurationList section */
		016F9C1A1B9E20D400C3D6AA /* Build configuration list for PBXProject "Pitch Perfect" */ = {
			isa = XCConfigurationList;
			buildConfigurations = (
				016F9C3C1B9E20D400C3D6AA /* Debug */,
				016F9C3D1B9E20D400C3D6AA /* Release */,
			);
			defaultConfigurationIsVisible = 0;
			defaultConfigurationName = Release;
		};
		016F9C3E1B9E20D400C3D6AA /* Build configuration list for PBXNativeTarget "Pitch Perfect" */ = {
			isa = XCConfigurationList;
			buildConfigurations = (
				016F9C3F1B9E20D400C3D6AA /* Debug */,
				016F9C401B9E20D400C3D6AA /* Release */,
			);
			defaultConfigurationIsVisible = 0;
		};
		016F9C411B9E20D400C3D6AA /* Build configuration list for PBXNativeTarget "Pitch PerfectTests" */ = {
			isa = XCConfigurationList;
			buildConfigurations = (
				016F9C421B9E20D400C3D6AA /* Debug */,
				016F9C431B9E20D400C3D6AA /* Release */,
			);
			defaultConfigurationIsVisible = 0;
		};
/* End XCConfigurationList section */
	};
	rootObject = 016F9C171B9E20D400C3D6AA /* Project object */;
}
